
Microsoft Visual Studio Solution File, Format Version 12.00
# Visual Studio Version 17
VisualStudioVersion = 17.9.34607.119
MinimumVisualStudioVersion = 10.0.40219.1
Project("{9A19103F-16F7-4668-BE54-9A1E7A4F7556}") = "Task1", "Task1\Task1.csproj", "{4E03B446-960B-4FE4-9FA6-B1C6D0729A28}"
EndProject
Project("{9A19103F-16F7-4668-BE54-9A1E7A4F7556}") = "Task2", "Task2\Task2.csproj", "{8E8725EE-673A-48FA-B832-E034A9905AD8}"
EndProject
Project("{9A19103F-16F7-4668-BE54-9A1E7A4F7556}") = "Task3", "Task3\Task3.csproj", "{BB07ED6B-923D-4CCF-A289-13F9A94A4FDA}"
EndProject
Project("{9A19103F-16F7-4668-BE54-9A1E7A4F7556}") = "Task5", "Task5\Task5.csproj", "{4EFEAA81-2C11-4FA5-8E92-ED5E97B5C2DC}"
EndProject
Project("{9A19103F-16F7-4668-BE54-9A1E7A4F7556}") = "Task6", "Task6\Task6.csproj", "{23DF70A8-C33D-43B9-8EBA-719C71A740F1}"
EndProject
Project("{9A19103F-16F7-4668-BE54-9A1E7A4F7556}") = "Task7", "Task7\Task7.csproj", "{49CC8D39-1A5C-4BC2-B825-588DF5746B71}"
EndProject
Project("{9A19103F-16F7-4668-BE54-9A1E7A4F7556}") = "Task8", "Task8\Task8.csproj", "{F786BD0F-4E84-4B8A-8DB2-ADD455D34B67}"
EndProject
Project("{9A19103F-16F7-4668-BE54-9A1E7A4F7556}") = "Task9", "Task9\Task9.csproj", "{011A9A3E-27AE-40BD-8F51-29301EC193F1}"
EndProject
Project("{9A19103F-16F7-4668-BE54-9A1E7A4F7556}") = "Task10", "Task10\Task10.csproj", "{23C3C6F5-D6A7-43C6-9E82-53D0171BFC14}"
EndProject
Project("{9A19103F-16F7-4668-BE54-9A1E7A4F7556}") = "Task11", "Task11\Task11.csproj", "{28B997F9-469B-4414-A32B-2A75D2D816A8}"
EndProject
Project("{9A19103F-16F7-4668-BE54-9A1E7A4F7556}") = "Task12", "Task12\Task12.csproj", "{F9E4E19B-3F50-4A40-960C-E45BFCA93B21}"
EndProject
Project("{9A19103F-16F7-4668-BE54-9A1E7A4F7556}") = "Task13", "Task13\Task13.csproj", "{5FE4DE95-6A42-4698-BA92-1D6A21766F09}"
EndProject
Project("{9A19103F-16F7-4668-BE54-9A1E7A4F7556}") = "Task14", "Task14\Task14.csproj", "{94F5E56E-D29B-4E6F-869B-11D01F194413}"
EndProject
Project("{FAE04EC0-301F-11D3-BF4B-00C04F79EFBC}") = "Task15", "Task15\Task15.csproj", "{F6475C23-3A90-4DA1-AC05-BEC59DEFEB31}"
EndProject
Project("{FAE04EC0-301F-11D3-BF4B-00C04F79EFBC}") = "Task16", "Task16\Task16.csproj", "{7ABB2DE0-01B8-44D0-B0A5-CB794A1F5878}"
EndProject
Project("{FAE04EC0-301F-11D3-BF4B-00C04F79EFBC}") = "Task17", "Task17\Task17.csproj", "{E311E3F6-7342-499A-910D-9D4D1F1C6342}"
EndProject
Project("{FAE04EC0-301F-11D3-BF4B-00C04F79EFBC}") = "Task16Pool", "Task16Pool\Task16Pool.csproj", "{65E79F4A-877F-4A3C-B2E8-638C93BD419A}"
EndProject
Project("{FAE04EC0-301F-11D3-BF4B-00C04F79EFBC}") = "Task15Pool", "Task15Pool\Task15Pool.csproj", "{488EE519-A571-4B6E-8523-E369E47B0ACD}"
EndProject
Project("{FAE04EC0-301F-11D3-BF4B-00C04F79EFBC}") = "Task17Pool", "Task17Pool\Task17Pool.csproj", "{93FCCC81-2B5F-46D2-803D-F59F20EAA0D9}"
EndProject
Global
	GlobalSection(SolutionConfigurationPlatforms) = preSolution
		Debug|Any CPU = Debug|Any CPU
		Release|Any CPU = Release|Any CPU
	EndGlobalSection
	GlobalSection(ProjectConfigurationPlatforms) = postSolution
		{4E03B446-960B-4FE4-9FA6-B1C6D0729A28}.Debug|Any CPU.ActiveCfg = Debug|Any CPU
		{4E03B446-960B-4FE4-9FA6-B1C6D0729A28}.Debug|Any CPU.Build.0 = Debug|Any CPU
		{4E03B446-960B-4FE4-9FA6-B1C6D0729A28}.Release|Any CPU.ActiveCfg = Release|Any CPU
		{4E03B446-960B-4FE4-9FA6-B1C6D0729A28}.Release|Any CPU.Build.0 = Release|Any CPU
		{8E8725EE-673A-48FA-B832-E034A9905AD8}.Debug|Any CPU.ActiveCfg = Debug|Any CPU
		{8E8725EE-673A-48FA-B832-E034A9905AD8}.Debug|Any CPU.Build.0 = Debug|Any CPU
		{8E8725EE-673A-48FA-B832-E034A9905AD8}.Release|Any CPU.ActiveCfg = Release|Any CPU
		{8E8725EE-673A-48FA-B832-E034A9905AD8}.Release|Any CPU.Build.0 = Release|Any CPU
		{BB07ED6B-923D-4CCF-A289-13F9A94A4FDA}.Debug|Any CPU.ActiveCfg = Debug|Any CPU
		{BB07ED6B-923D-4CCF-A289-13F9A94A4FDA}.Debug|Any CPU.Build.0 = Debug|Any CPU
		{BB07ED6B-923D-4CCF-A289-13F9A94A4FDA}.Release|Any CPU.ActiveCfg = Release|Any CPU
		{BB07ED6B-923D-4CCF-A289-13F9A94A4FDA}.Release|Any CPU.Build.0 = Release|Any CPU
		{4EFEAA81-2C11-4FA5-8E92-ED5E97B5C2DC}.Debug|Any CPU.ActiveCfg = Debug|Any CPU
		{4EFEAA81-2C11-4FA5-8E92-ED5E97B5C2DC}.Debug|Any CPU.Build.0 = Debug|Any CPU
		{4EFEAA81-2C11-4FA5-8E92-ED5E97B5C2DC}.Release|Any CPU.ActiveCfg = Release|Any CPU
		{4EFEAA81-2C11-4FA5-8E92-ED5E97B5C2DC}.Release|Any CPU.Build.0 = Release|Any CPU
		{23DF70A8-C33D-43B9-8EBA-719C71A740F1}.Debug|Any CPU.ActiveCfg = Debug|Any CPU
		{23DF70A8-C33D-43B9-8EBA-719C71A740F1}.Debug|Any CPU.Build.0 = Debug|Any CPU
		{23DF70A8-C33D-43B9-8EBA-719C71A740F1}.Release|Any CPU.ActiveCfg = Release|Any CPU
		{23DF70A8-C33D-43B9-8EBA-719C71A740F1}.Release|Any CPU.Build.0 = Release|Any CPU
		{49CC8D39-1A5C-4BC2-B825-588DF5746B71}.Debug|Any CPU.ActiveCfg = Debug|Any CPU
		{49CC8D39-1A5C-4BC2-B825-588DF5746B71}.Debug|Any CPU.Build.0 = Debug|Any CPU
		{49CC8D39-1A5C-4BC2-B825-588DF5746B71}.Release|Any CPU.ActiveCfg = Release|Any CPU
		{49CC8D39-1A5C-4BC2-B825-588DF5746B71}.Release|Any CPU.Build.0 = Release|Any CPU
		{F786BD0F-4E84-4B8A-8DB2-ADD455D34B67}.Debug|Any CPU.ActiveCfg = Debug|Any CPU
		{F786BD0F-4E84-4B8A-8DB2-ADD455D34B67}.Debug|Any CPU.Build.0 = Debug|Any CPU
		{F786BD0F-4E84-4B8A-8DB2-ADD455D34B67}.Release|Any CPU.ActiveCfg = Release|Any CPU
		{F786BD0F-4E84-4B8A-8DB2-ADD455D34B67}.Release|Any CPU.Build.0 = Release|Any CPU
		{011A9A3E-27AE-40BD-8F51-29301EC193F1}.Debug|Any CPU.ActiveCfg = Debug|Any CPU
		{011A9A3E-27AE-40BD-8F51-29301EC193F1}.Debug|Any CPU.Build.0 = Debug|Any CPU
		{011A9A3E-27AE-40BD-8F51-29301EC193F1}.Release|Any CPU.ActiveCfg = Release|Any CPU
		{011A9A3E-27AE-40BD-8F51-29301EC193F1}.Release|Any CPU.Build.0 = Release|Any CPU
		{23C3C6F5-D6A7-43C6-9E82-53D0171BFC14}.Debug|Any CPU.ActiveCfg = Debug|Any CPU
		{23C3C6F5-D6A7-43C6-9E82-53D0171BFC14}.Debug|Any CPU.Build.0 = Debug|Any CPU
		{23C3C6F5-D6A7-43C6-9E82-53D0171BFC14}.Release|Any CPU.ActiveCfg = Release|Any CPU
		{23C3C6F5-D6A7-43C6-9E82-53D0171BFC14}.Release|Any CPU.Build.0 = Release|Any CPU
		{28B997F9-469B-4414-A32B-2A75D2D816A8}.Debug|Any CPU.ActiveCfg = Debug|Any CPU
		{28B997F9-469B-4414-A32B-2A75D2D816A8}.Debug|Any CPU.Build.0 = Debug|Any CPU
		{28B997F9-469B-4414-A32B-2A75D2D816A8}.Release|Any CPU.ActiveCfg = Release|Any CPU
		{28B997F9-469B-4414-A32B-2A75D2D816A8}.Release|Any CPU.Build.0 = Release|Any CPU
		{F9E4E19B-3F50-4A40-960C-E45BFCA93B21}.Debug|Any CPU.ActiveCfg = Debug|Any CPU
		{F9E4E19B-3F50-4A40-960C-E45BFCA93B21}.Debug|Any CPU.Build.0 = Debug|Any CPU
		{F9E4E19B-3F50-4A40-960C-E45BFCA93B21}.Release|Any CPU.ActiveCfg = Release|Any CPU
		{F9E4E19B-3F50-4A40-960C-E45BFCA93B21}.Release|Any CPU.Build.0 = Release|Any CPU
		{5FE4DE95-6A42-4698-BA92-1D6A21766F09}.Debug|Any CPU.ActiveCfg = Debug|Any CPU
		{5FE4DE95-6A42-4698-BA92-1D6A21766F09}.Debug|Any CPU.Build.0 = Debug|Any CPU
		{5FE4DE95-6A42-4698-BA92-1D6A21766F09}.Release|Any CPU.ActiveCfg = Release|Any CPU
		{5FE4DE95-6A42-4698-BA92-1D6A21766F09}.Release|Any CPU.Build.0 = Release|Any CPU
		{94F5E56E-D29B-4E6F-869B-11D01F194413}.Debug|Any CPU.ActiveCfg = Debug|Any CPU
		{94F5E56E-D29B-4E6F-869B-11D01F194413}.Debug|Any CPU.Build.0 = Debug|Any CPU
		{94F5E56E-D29B-4E6F-869B-11D01F194413}.Release|Any CPU.ActiveCfg = Release|Any CPU
		{94F5E56E-D29B-4E6F-869B-11D01F194413}.Release|Any CPU.Build.0 = Release|Any CPU
		{F6475C23-3A90-4DA1-AC05-BEC59DEFEB31}.Debug|Any CPU.ActiveCfg = Debug|Any CPU
		{F6475C23-3A90-4DA1-AC05-BEC59DEFEB31}.Debug|Any CPU.Build.0 = Debug|Any CPU
		{F6475C23-3A90-4DA1-AC05-BEC59DEFEB31}.Release|Any CPU.ActiveCfg = Release|Any CPU
		{F6475C23-3A90-4DA1-AC05-BEC59DEFEB31}.Release|Any CPU.Build.0 = Release|Any CPU
		{7ABB2DE0-01B8-44D0-B0A5-CB794A1F5878}.Debug|Any CPU.ActiveCfg = Debug|Any CPU
		{7ABB2DE0-01B8-44D0-B0A5-CB794A1F5878}.Debug|Any CPU.Build.0 = Debug|Any CPU
		{7ABB2DE0-01B8-44D0-B0A5-CB794A1F5878}.Release|Any CPU.ActiveCfg = Release|Any CPU
		{7ABB2DE0-01B8-44D0-B0A5-CB794A1F5878}.Release|Any CPU.Build.0 = Release|Any CPU
		{E311E3F6-7342-499A-910D-9D4D1F1C6342}.Debug|Any CPU.ActiveCfg = Debug|Any CPU
		{E311E3F6-7342-499A-910D-9D4D1F1C6342}.Debug|Any CPU.Build.0 = Debug|Any CPU
		{E311E3F6-7342-499A-910D-9D4D1F1C6342}.Release|Any CPU.ActiveCfg = Release|Any CPU
		{E311E3F6-7342-499A-910D-9D4D1F1C6342}.Release|Any CPU.Build.0 = Release|Any CPU
		{65E79F4A-877F-4A3C-B2E8-638C93BD419A}.Debug|Any CPU.ActiveCfg = Debug|Any CPU
		{65E79F4A-877F-4A3C-B2E8-638C93BD419A}.Debug|Any CPU.Build.0 = Debug|Any CPU
		{65E79F4A-877F-4A3C-B2E8-638C93BD419A}.Release|Any CPU.ActiveCfg = Release|Any CPU
		{65E79F4A-877F-4A3C-B2E8-638C93BD419A}.Release|Any CPU.Build.0 = Release|Any CPU
		{488EE519-A571-4B6E-8523-E369E47B0ACD}.Debug|Any CPU.ActiveCfg = Debug|Any CPU
		{488EE519-A571-4B6E-8523-E369E47B0ACD}.Debug|Any CPU.Build.0 = Debug|Any CPU
		{488EE519-A571-4B6E-8523-E369E47B0ACD}.Release|Any CPU.ActiveCfg = Release|Any CPU
		{488EE519-A571-4B6E-8523-E369E47B0ACD}.Release|Any CPU.Build.0 = Release|Any CPU
		{93FCCC81-2B5F-46D2-803D-F59F20EAA0D9}.Debug|Any CPU.ActiveCfg = Debug|Any CPU
		{93FCCC81-2B5F-46D2-803D-F59F20EAA0D9}.Debug|Any CPU.Build.0 = Debug|Any CPU
		{93FCCC81-2B5F-46D2-803D-F59F20EAA0D9}.Release|Any CPU.ActiveCfg = Release|Any CPU
		{93FCCC81-2B5F-46D2-803D-F59F20EAA0D9}.Release|Any CPU.Build.0 = Release|Any CPU
	EndGlobalSection
	GlobalSection(SolutionProperties) = preSolution
		HideSolutionNode = FALSE
	EndGlobalSection
	GlobalSection(ExtensibilityGlobals) = postSolution
		SolutionGuid = {303CE65F-751B-4C42-A850-4F008BD6FC6C}
	EndGlobalSection
EndGlobal
