
Microsoft Visual Studio Solution File, Format Version 12.00
# Visual Studio Version 17
VisualStudioVersion = 17.9.34607.119
MinimumVisualStudioVersion = 10.0.40219.1
Project("{9A19103F-16F7-4668-BE54-9A1E7A4F7556}") = "Task1", "Task1\Task1.csproj", "{4E03B446-960B-4FE4-9FA6-B1C6D0729A28}"
EndProject
Project("{FAE04EC0-301F-11D3-BF4B-00C04F79EFBC}") = "Task2", "Task2\Task2.csproj", "{8E8725EE-673A-48FA-B832-E034A9905AD8}"
EndProject
Project("{FAE04EC0-301F-11D3-BF4B-00C04F79EFBC}") = "Task3", "Task3\Task3.csproj", "{BB07ED6B-923D-4CCF-A289-13F9A94A4FDA}"
EndProject
Project("{FAE04EC0-301F-11D3-BF4B-00C04F79EFBC}") = "Task5", "Task5\Task5.csproj", "{4EFEAA81-2C11-4FA5-8E92-ED5E97B5C2DC}"
EndProject
Project("{FAE04EC0-301F-11D3-BF4B-00C04F79EFBC}") = "Task6", "Task6\Task6.csproj", "{23DF70A8-C33D-43B9-8EBA-719C71A740F1}"
EndProject
Project("{FAE04EC0-301F-11D3-BF4B-00C04F79EFBC}") = "Task7", "Task7\Task7.csproj", "{49CC8D39-1A5C-4BC2-B825-588DF5746B71}"
EndProject
Project("{FAE04EC0-301F-11D3-BF4B-00C04F79EFBC}") = "Task8", "Task8\Task8.csproj", "{F786BD0F-4E84-4B8A-8DB2-ADD455D34B67}"
EndProject
Project("{FAE04EC0-301F-11D3-BF4B-00C04F79EFBC}") = "Task9", "Task9\Task9.csproj", "{011A9A3E-27AE-40BD-8F51-29301EC193F1}"
EndProject
Global
	GlobalSection(SolutionConfigurationPlatforms) = preSolution
		Debug|Any CPU = Debug|Any CPU
		Release|Any CPU = Release|Any CPU
	EndGlobalSection
	GlobalSection(ProjectConfigurationPlatforms) = postSolution
		{4E03B446-960B-4FE4-9FA6-B1C6D0729A28}.Debug|Any CPU.ActiveCfg = Debug|Any CPU
		{4E03B446-960B-4FE4-9FA6-B1C6D0729A28}.Debug|Any CPU.Build.0 = Debug|Any CPU
		{4E03B446-960B-4FE4-9FA6-B1C6D0729A28}.Release|Any CPU.ActiveCfg = Release|Any CPU
		{4E03B446-960B-4FE4-9FA6-B1C6D0729A28}.Release|Any CPU.Build.0 = Release|Any CPU
		{8E8725EE-673A-48FA-B832-E034A9905AD8}.Debug|Any CPU.ActiveCfg = Debug|Any CPU
		{8E8725EE-673A-48FA-B832-E034A9905AD8}.Debug|Any CPU.Build.0 = Debug|Any CPU
		{8E8725EE-673A-48FA-B832-E034A9905AD8}.Release|Any CPU.ActiveCfg = Release|Any CPU
		{8E8725EE-673A-48FA-B832-E034A9905AD8}.Release|Any CPU.Build.0 = Release|Any CPU
		{BB07ED6B-923D-4CCF-A289-13F9A94A4FDA}.Debug|Any CPU.ActiveCfg = Debug|Any CPU
		{BB07ED6B-923D-4CCF-A289-13F9A94A4FDA}.Debug|Any CPU.Build.0 = Debug|Any CPU
		{BB07ED6B-923D-4CCF-A289-13F9A94A4FDA}.Release|Any CPU.ActiveCfg = Release|Any CPU
		{BB07ED6B-923D-4CCF-A289-13F9A94A4FDA}.Release|Any CPU.Build.0 = Release|Any CPU
		{4EFEAA81-2C11-4FA5-8E92-ED5E97B5C2DC}.Debug|Any CPU.ActiveCfg = Debug|Any CPU
		{4EFEAA81-2C11-4FA5-8E92-ED5E97B5C2DC}.Debug|Any CPU.Build.0 = Debug|Any CPU
		{4EFEAA81-2C11-4FA5-8E92-ED5E97B5C2DC}.Release|Any CPU.ActiveCfg = Release|Any CPU
		{4EFEAA81-2C11-4FA5-8E92-ED5E97B5C2DC}.Release|Any CPU.Build.0 = Release|Any CPU
		{23DF70A8-C33D-43B9-8EBA-719C71A740F1}.Debug|Any CPU.ActiveCfg = Debug|Any CPU
		{23DF70A8-C33D-43B9-8EBA-719C71A740F1}.Debug|Any CPU.Build.0 = Debug|Any CPU
		{23DF70A8-C33D-43B9-8EBA-719C71A740F1}.Release|Any CPU.ActiveCfg = Release|Any CPU
		{23DF70A8-C33D-43B9-8EBA-719C71A740F1}.Release|Any CPU.Build.0 = Release|Any CPU
		{49CC8D39-1A5C-4BC2-B825-588DF5746B71}.Debug|Any CPU.ActiveCfg = Debug|Any CPU
		{49CC8D39-1A5C-4BC2-B825-588DF5746B71}.Debug|Any CPU.Build.0 = Debug|Any CPU
		{49CC8D39-1A5C-4BC2-B825-588DF5746B71}.Release|Any CPU.ActiveCfg = Release|Any CPU
		{49CC8D39-1A5C-4BC2-B825-588DF5746B71}.Release|Any CPU.Build.0 = Release|Any CPU
		{F786BD0F-4E84-4B8A-8DB2-ADD455D34B67}.Debug|Any CPU.ActiveCfg = Debug|Any CPU
		{F786BD0F-4E84-4B8A-8DB2-ADD455D34B67}.Debug|Any CPU.Build.0 = Debug|Any CPU
		{F786BD0F-4E84-4B8A-8DB2-ADD455D34B67}.Release|Any CPU.ActiveCfg = Release|Any CPU
		{F786BD0F-4E84-4B8A-8DB2-ADD455D34B67}.Release|Any CPU.Build.0 = Release|Any CPU
		{011A9A3E-27AE-40BD-8F51-29301EC193F1}.Debug|Any CPU.ActiveCfg = Debug|Any CPU
		{011A9A3E-27AE-40BD-8F51-29301EC193F1}.Debug|Any CPU.Build.0 = Debug|Any CPU
		{011A9A3E-27AE-40BD-8F51-29301EC193F1}.Release|Any CPU.ActiveCfg = Release|Any CPU
		{011A9A3E-27AE-40BD-8F51-29301EC193F1}.Release|Any CPU.Build.0 = Release|Any CPU
	EndGlobalSection
	GlobalSection(SolutionProperties) = preSolution
		HideSolutionNode = FALSE
	EndGlobalSection
	GlobalSection(ExtensibilityGlobals) = postSolution
		SolutionGuid = {303CE65F-751B-4C42-A850-4F008BD6FC6C}
	EndGlobalSection
EndGlobal
